
Microsoft Visual Studio Solution File, Format Version 12.00
# Visual Studio Version 17
VisualStudioVersion = 17.4.33122.133
MinimumVisualStudioVersion = 10.0.40219.1
Project("{2150E333-8FDC-42A3-9474-1A3956D46DE8}") = "DAL", "DAL", "{AD4FCCD1-2C35-4C62-B4CE-B394E082DA33}"
EndProject
Project("{2150E333-8FDC-42A3-9474-1A3956D46DE8}") = "BLL", "BLL", "{FBB72794-094D-472E-A1BD-5C5238C07E92}"
EndProject
Project("{9A19103F-16F7-4668-BE54-9A1E7A4F7556}") = "itlapr.BLL", "itlapr.BLL\itlapr.BLL.csproj", "{08C48374-7938-4FAE-82C3-4560DF1469D6}"
EndProject
Project("{2150E333-8FDC-42A3-9474-1A3956D46DE8}") = "PRE", "PRE", "{1136A34C-91F2-4EBC-9B36-4F3468A0198B}"
EndProject
Project("{9A19103F-16F7-4668-BE54-9A1E7A4F7556}") = "itlapr.Web", "itlapr.Web\itlapr.Web.csproj", "{710BE9D9-5CD3-4067-B73B-A2168BD4157B}"
EndProject
Project("{2150E333-8FDC-42A3-9474-1A3956D46DE8}") = "TEST", "TEST", "{DB3DFCF8-1D0C-4491-ACBD-8212669AF600}"
EndProject
Project("{9A19103F-16F7-4668-BE54-9A1E7A4F7556}") = "itlapr.Test", "itlapr.Test\itlapr.Test.csproj", "{95FABC16-B60F-48EE-855A-14483E055C2A}"
EndProject
Project("{2150E333-8FDC-42A3-9474-1A3956D46DE8}") = "API", "API", "{5F2808AB-E2F0-45C4-8A0F-A0C59F5209EA}"
EndProject
Project("{FAE04EC0-301F-11D3-BF4B-00C04F79EFBC}") = "itla.DAL", "itla.DAL\itla.DAL.csproj", "{77EA131B-340E-405D-B2AF-70C54356D870}"
EndProject
Project("{FAE04EC0-301F-11D3-BF4B-00C04F79EFBC}") = "itla.API", "itla.API\itla.API.csproj", "{8D7F02DA-9369-430E-A89F-CD4A437F2319}"
EndProject
Global
	GlobalSection(SolutionConfigurationPlatforms) = preSolution
		Debug|Any CPU = Debug|Any CPU
		Release|Any CPU = Release|Any CPU
	EndGlobalSection
	GlobalSection(ProjectConfigurationPlatforms) = postSolution
		{08C48374-7938-4FAE-82C3-4560DF1469D6}.Debug|Any CPU.ActiveCfg = Debug|Any CPU
		{08C48374-7938-4FAE-82C3-4560DF1469D6}.Debug|Any CPU.Build.0 = Debug|Any CPU
		{08C48374-7938-4FAE-82C3-4560DF1469D6}.Release|Any CPU.ActiveCfg = Release|Any CPU
		{08C48374-7938-4FAE-82C3-4560DF1469D6}.Release|Any CPU.Build.0 = Release|Any CPU
		{710BE9D9-5CD3-4067-B73B-A2168BD4157B}.Debug|Any CPU.ActiveCfg = Debug|Any CPU
		{710BE9D9-5CD3-4067-B73B-A2168BD4157B}.Debug|Any CPU.Build.0 = Debug|Any CPU
		{710BE9D9-5CD3-4067-B73B-A2168BD4157B}.Release|Any CPU.ActiveCfg = Release|Any CPU
		{710BE9D9-5CD3-4067-B73B-A2168BD4157B}.Release|Any CPU.Build.0 = Release|Any CPU
		{95FABC16-B60F-48EE-855A-14483E055C2A}.Debug|Any CPU.ActiveCfg = Debug|Any CPU
		{95FABC16-B60F-48EE-855A-14483E055C2A}.Debug|Any CPU.Build.0 = Debug|Any CPU
		{95FABC16-B60F-48EE-855A-14483E055C2A}.Release|Any CPU.ActiveCfg = Release|Any CPU
		{95FABC16-B60F-48EE-855A-14483E055C2A}.Release|Any CPU.Build.0 = Release|Any CPU
		{77EA131B-340E-405D-B2AF-70C54356D870}.Debug|Any CPU.ActiveCfg = Debug|Any CPU
		{77EA131B-340E-405D-B2AF-70C54356D870}.Debug|Any CPU.Build.0 = Debug|Any CPU
		{77EA131B-340E-405D-B2AF-70C54356D870}.Release|Any CPU.ActiveCfg = Release|Any CPU
		{77EA131B-340E-405D-B2AF-70C54356D870}.Release|Any CPU.Build.0 = Release|Any CPU
		{8D7F02DA-9369-430E-A89F-CD4A437F2319}.Debug|Any CPU.ActiveCfg = Debug|Any CPU
		{8D7F02DA-9369-430E-A89F-CD4A437F2319}.Debug|Any CPU.Build.0 = Debug|Any CPU
		{8D7F02DA-9369-430E-A89F-CD4A437F2319}.Release|Any CPU.ActiveCfg = Release|Any CPU
		{8D7F02DA-9369-430E-A89F-CD4A437F2319}.Release|Any CPU.Build.0 = Release|Any CPU
	EndGlobalSection
	GlobalSection(SolutionProperties) = preSolution
		HideSolutionNode = FALSE
	EndGlobalSection
	GlobalSection(NestedProjects) = preSolution
		{08C48374-7938-4FAE-82C3-4560DF1469D6} = {FBB72794-094D-472E-A1BD-5C5238C07E92}
		{710BE9D9-5CD3-4067-B73B-A2168BD4157B} = {1136A34C-91F2-4EBC-9B36-4F3468A0198B}
		{95FABC16-B60F-48EE-855A-14483E055C2A} = {DB3DFCF8-1D0C-4491-ACBD-8212669AF600}
		{77EA131B-340E-405D-B2AF-70C54356D870} = {AD4FCCD1-2C35-4C62-B4CE-B394E082DA33}
	EndGlobalSection
	GlobalSection(ExtensibilityGlobals) = postSolution
		SolutionGuid = {3871172E-3F15-4E44-B892-7CB53E00D3E5}
	EndGlobalSection
EndGlobal
